// !$*UTF8*$!
{
	archiveVersion = 1;
	classes = {
	};
	objectVersion = 48;
	objects = {

/* Begin PBXBuildFile section */
		1E62B3C12099488C0046B7D1 /* AppDelegate.m in Sources */ = {isa = PBXBuildFile; fileRef = 1E62B3C02099488C0046B7D1 /* AppDelegate.m */; };
		1E62B3C92099488C0046B7D1 /* Assets.xcassets in Resources */ = {isa = PBXBuildFile; fileRef = 1E62B3C82099488C0046B7D1 /* Assets.xcassets */; };
		1E62B3CC2099488C0046B7D1 /* LaunchScreen.storyboard in Resources */ = {isa = PBXBuildFile; fileRef = 1E62B3CA2099488C0046B7D1 /* LaunchScreen.storyboard */; };
		1E62B3CF2099488C0046B7D1 /* main.m in Sources */ = {isa = PBXBuildFile; fileRef = 1E62B3CE2099488C0046B7D1 /* main.m */; };
		1E62B3D92099488C0046B7D1 /* CustomTakePhotoTests.m in Sources */ = {isa = PBXBuildFile; fileRef = 1E62B3D82099488C0046B7D1 /* CustomTakePhotoTests.m */; };
		1E62B3E42099488C0046B7D1 /* CustomTakePhotoUITests.m in Sources */ = {isa = PBXBuildFile; fileRef = 1E62B3E32099488C0046B7D1 /* CustomTakePhotoUITests.m */; };
		1E62B3F420994A600046B7D1 /* CustomTakePhotoViewController.m in Sources */ = {isa = PBXBuildFile; fileRef = 1E62B3F220994A600046B7D1 /* CustomTakePhotoViewController.m */; };
		1E62B3F520994A600046B7D1 /* CustomTakePhotoViewController.xib in Resources */ = {isa = PBXBuildFile; fileRef = 1E62B3F320994A600046B7D1 /* CustomTakePhotoViewController.xib */; };
/* End PBXBuildFile section */

/* Begin PBXContainerItemProxy section */
		1E62B3D52099488C0046B7D1 /* PBXContainerItemProxy */ = {
			isa = PBXContainerItemProxy;
			containerPortal = 1E62B3B42099488C0046B7D1 /* Project object */;
			proxyType = 1;
			remoteGlobalIDString = 1E62B3BB2099488C0046B7D1;
			remoteInfo = CustomTakePhoto;
		};
		1E62B3E02099488C0046B7D1 /* PBXContainerItemProxy */ = {
			isa = PBXContainerItemProxy;
			containerPortal = 1E62B3B42099488C0046B7D1 /* Project object */;
			proxyType = 1;
			remoteGlobalIDString = 1E62B3BB2099488C0046B7D1;
			remoteInfo = CustomTakePhoto;
		};
/* End PBXContainerItemProxy section */

/* Begin PBXFileReference section */
		1E62B3BC2099488C0046B7D1 /* CustomTakePhoto.app */ = {isa = PBXFileReference; explicitFileType = wrapper.application; includeInIndex = 0; path = CustomTakePhoto.app; sourceTree = BUILT_PRODUCTS_DIR; };
		1E62B3BF2099488C0046B7D1 /* AppDelegate.h */ = {isa = PBXFileReference; lastKnownFileType = sourcecode.c.h; path = AppDelegate.h; sourceTree = "<group>"; };
		1E62B3C02099488C0046B7D1 /* AppDelegate.m */ = {isa = PBXFileReference; lastKnownFileType = sourcecode.c.objc; path = AppDelegate.m; sourceTree = "<group>"; };
		1E62B3C82099488C0046B7D1 /* Assets.xcassets */ = {isa = PBXFileReference; lastKnownFileType = folder.assetcatalog; path = Assets.xcassets; sourceTree = "<group>"; };
		1E62B3CB2099488C0046B7D1 /* Base */ = {isa = PBXFileReference; lastKnownFileType = file.storyboard; name = Base; path = Base.lproj/LaunchScreen.storyboard; sourceTree = "<group>"; };
		1E62B3CD2099488C0046B7D1 /* Info.plist */ = {isa = PBXFileReference; lastKnownFileType = text.plist.xml; path = Info.plist; sourceTree = "<group>"; };
		1E62B3CE2099488C0046B7D1 /* main.m */ = {isa = PBXFileReference; lastKnownFileType = sourcecode.c.objc; path = main.m; sourceTree = "<group>"; };
		1E62B3D42099488C0046B7D1 /* CustomTakePhotoTests.xctest */ = {isa = PBXFileReference; explicitFileType = wrapper.cfbundle; includeInIndex = 0; path = CustomTakePhotoTests.xctest; sourceTree = BUILT_PRODUCTS_DIR; };
		1E62B3D82099488C0046B7D1 /* CustomTakePhotoTests.m */ = {isa = PBXFileReference; lastKnownFileType = sourcecode.c.objc; path = CustomTakePhotoTests.m; sourceTree = "<group>"; };
		1E62B3DA2099488C0046B7D1 /* Info.plist */ = {isa = PBXFileReference; lastKnownFileType = text.plist.xml; path = Info.plist; sourceTree = "<group>"; };
		1E62B3DF2099488C0046B7D1 /* CustomTakePhotoUITests.xctest */ = {isa = PBXFileReference; explicitFileType = wrapper.cfbundle; includeInIndex = 0; path = CustomTakePhotoUITests.xctest; sourceTree = BUILT_PRODUCTS_DIR; };
		1E62B3E32099488C0046B7D1 /* CustomTakePhotoUITests.m */ = {isa = PBXFileReference; lastKnownFileType = sourcecode.c.objc; path = CustomTakePhotoUITests.m; sourceTree = "<group>"; };
		1E62B3E52099488C0046B7D1 /* Info.plist */ = {isa = PBXFileReference; lastKnownFileType = text.plist.xml; path = Info.plist; sourceTree = "<group>"; };
		1E62B3F120994A600046B7D1 /* CustomTakePhotoViewController.h */ = {isa = PBXFileReference; lastKnownFileType = sourcecode.c.h; path = CustomTakePhotoViewController.h; sourceTree = "<group>"; };
		1E62B3F220994A600046B7D1 /* CustomTakePhotoViewController.m */ = {isa = PBXFileReference; lastKnownFileType = sourcecode.c.objc; path = CustomTakePhotoViewController.m; sourceTree = "<group>"; };
		1E62B3F320994A600046B7D1 /* CustomTakePhotoViewController.xib */ = {isa = PBXFileReference; lastKnownFileType = file.xib; path = CustomTakePhotoViewController.xib; sourceTree = "<group>"; };
/* End PBXFileReference section */

/* Begin PBXFrameworksBuildPhase section */
		1E62B3B92099488C0046B7D1 /* Frameworks */ = {
			isa = PBXFrameworksBuildPhase;
			buildActionMask = 2147483647;
			files = (
			);
			runOnlyForDeploymentPostprocessing = 0;
		};
		1E62B3D12099488C0046B7D1 /* Frameworks */ = {
			isa = PBXFrameworksBuildPhase;
			buildActionMask = 2147483647;
			files = (
			);
			runOnlyForDeploymentPostprocessing = 0;
		};
		1E62B3DC2099488C0046B7D1 /* Frameworks */ = {
			isa = PBXFrameworksBuildPhase;
			buildActionMask = 2147483647;
			files = (
			);
			runOnlyForDeploymentPostprocessing = 0;
		};
/* End PBXFrameworksBuildPhase section */

/* Begin PBXGroup section */
		1E62B3B32099488C0046B7D1 = {
			isa = PBXGroup;
			children = (
				1E62B3BE2099488C0046B7D1 /* CustomTakePhoto */,
				1E62B3D72099488C0046B7D1 /* CustomTakePhotoTests */,
				1E62B3E22099488C0046B7D1 /* CustomTakePhotoUITests */,
				1E62B3BD2099488C0046B7D1 /* Products */,
			);
			sourceTree = "<group>";
		};
		1E62B3BD2099488C0046B7D1 /* Products */ = {
			isa = PBXGroup;
			children = (
				1E62B3BC2099488C0046B7D1 /* CustomTakePhoto.app */,
				1E62B3D42099488C0046B7D1 /* CustomTakePhotoTests.xctest */,
				1E62B3DF2099488C0046B7D1 /* CustomTakePhotoUITests.xctest */,
			);
			name = Products;
			sourceTree = "<group>";
		};
		1E62B3BE2099488C0046B7D1 /* CustomTakePhoto */ = {
			isa = PBXGroup;
			children = (
				1E62B3BF2099488C0046B7D1 /* AppDelegate.h */,
				1E62B3C02099488C0046B7D1 /* AppDelegate.m */,
				1E62B3F120994A600046B7D1 /* CustomTakePhotoViewController.h */,
				1E62B3F220994A600046B7D1 /* CustomTakePhotoViewController.m */,
				1E62B3F320994A600046B7D1 /* CustomTakePhotoViewController.xib */,
				1E62B3C82099488C0046B7D1 /* Assets.xcassets */,
				1E62B3CA2099488C0046B7D1 /* LaunchScreen.storyboard */,
				1E62B3CD2099488C0046B7D1 /* Info.plist */,
				1E62B3CE2099488C0046B7D1 /* main.m */,
			);
			path = CustomTakePhoto;
			sourceTree = "<group>";
		};
		1E62B3D72099488C0046B7D1 /* CustomTakePhotoTests */ = {
			isa = PBXGroup;
			children = (
				1E62B3D82099488C0046B7D1 /* CustomTakePhotoTests.m */,
				1E62B3DA2099488C0046B7D1 /* Info.plist */,
			);
			path = CustomTakePhotoTests;
			sourceTree = "<group>";
		};
		1E62B3E22099488C0046B7D1 /* CustomTakePhotoUITests */ = {
			isa = PBXGroup;
			children = (
				1E62B3E32099488C0046B7D1 /* CustomTakePhotoUITests.m */,
				1E62B3E52099488C0046B7D1 /* Info.plist */,
			);
			path = CustomTakePhotoUITests;
			sourceTree = "<group>";
		};
/* End PBXGroup section */

/* Begin PBXNativeTarget section */
		1E62B3BB2099488C0046B7D1 /* CustomTakePhoto */ = {
			isa = PBXNativeTarget;
			buildConfigurationList = 1E62B3E82099488C0046B7D1 /* Build configuration list for PBXNativeTarget "CustomTakePhoto" */;
			buildPhases = (
				1E62B3B82099488C0046B7D1 /* Sources */,
				1E62B3B92099488C0046B7D1 /* Frameworks */,
				1E62B3BA2099488C0046B7D1 /* Resources */,
			);
			buildRules = (
			);
			dependencies = (
			);
			name = CustomTakePhoto;
			productName = CustomTakePhoto;
			productReference = 1E62B3BC2099488C0046B7D1 /* CustomTakePhoto.app */;
			productType = "com.apple.product-type.application";
		};
		1E62B3D32099488C0046B7D1 /* CustomTakePhotoTests */ = {
			isa = PBXNativeTarget;
			buildConfigurationList = 1E62B3EB2099488C0046B7D1 /* Build configuration list for PBXNativeTarget "CustomTakePhotoTests" */;
			buildPhases = (
				1E62B3D02099488C0046B7D1 /* Sources */,
				1E62B3D12099488C0046B7D1 /* Frameworks */,
				1E62B3D22099488C0046B7D1 /* Resources */,
			);
			buildRules = (
			);
			dependencies = (
				1E62B3D62099488C0046B7D1 /* PBXTargetDependency */,
			);
			name = CustomTakePhotoTests;
			productName = CustomTakePhotoTests;
			productReference = 1E62B3D42099488C0046B7D1 /* CustomTakePhotoTests.xctest */;
			productType = "com.apple.product-type.bundle.unit-test";
		};
		1E62B3DE2099488C0046B7D1 /* CustomTakePhotoUITests */ = {
			isa = PBXNativeTarget;
			buildConfigurationList = 1E62B3EE2099488C0046B7D1 /* Build configuration list for PBXNativeTarget "CustomTakePhotoUITests" */;
			buildPhases = (
				1E62B3DB2099488C0046B7D1 /* Sources */,
				1E62B3DC2099488C0046B7D1 /* Frameworks */,
				1E62B3DD2099488C0046B7D1 /* Resources */,
			);
			buildRules = (
			);
			dependencies = (
				1E62B3E12099488C0046B7D1 /* PBXTargetDependency */,
			);
			name = CustomTakePhotoUITests;
			productName = CustomTakePhotoUITests;
			productReference = 1E62B3DF2099488C0046B7D1 /* CustomTakePhotoUITests.xctest */;
			productType = "com.apple.product-type.bundle.ui-testing";
		};
/* End PBXNativeTarget section */

/* Begin PBXProject section */
		1E62B3B42099488C0046B7D1 /* Project object */ = {
			isa = PBXProject;
			attributes = {
				LastUpgradeCheck = 0900;
				ORGANIZATIONNAME = YaJieMa;
				TargetAttributes = {
					1E62B3BB2099488C0046B7D1 = {
						CreatedOnToolsVersion = 9.0;
						ProvisioningStyle = Automatic;
					};
					1E62B3D32099488C0046B7D1 = {
						CreatedOnToolsVersion = 9.0;
						ProvisioningStyle = Automatic;
						TestTargetID = 1E62B3BB2099488C0046B7D1;
					};
					1E62B3DE2099488C0046B7D1 = {
						CreatedOnToolsVersion = 9.0;
						ProvisioningStyle = Automatic;
						TestTargetID = 1E62B3BB2099488C0046B7D1;
					};
				};
			};
			buildConfigurationList = 1E62B3B72099488C0046B7D1 /* Build configuration list for PBXProject "CustomTakePhoto" */;
			compatibilityVersion = "Xcode 8.0";
			developmentRegion = en;
			hasScannedForEncodings = 0;
			knownRegions = (
				en,
				Base,
			);
			mainGroup = 1E62B3B32099488C0046B7D1;
			productRefGroup = 1E62B3BD2099488C0046B7D1 /* Products */;
			projectDirPath = "";
			projectRoot = "";
			targets = (
				1E62B3BB2099488C0046B7D1 /* CustomTakePhoto */,
				1E62B3D32099488C0046B7D1 /* CustomTakePhotoTests */,
				1E62B3DE2099488C0046B7D1 /* CustomTakePhotoUITests */,
			);
		};
/* End PBXProject section */

/* Begin PBXResourcesBuildPhase section */
		1E62B3BA2099488C0046B7D1 /* Resources */ = {
			isa = PBXResourcesBuildPhase;
			buildActionMask = 2147483647;
			files = (
				1E62B3F520994A600046B7D1 /* CustomTakePhotoViewController.xib in Resources */,
				1E62B3CC2099488C0046B7D1 /* LaunchScreen.storyboard in Resources */,
				1E62B3C92099488C0046B7D1 /* Assets.xcassets in Resources */,
			);
			runOnlyForDeploymentPostprocessing = 0;
		};
		1E62B3D22099488C0046B7D1 /* Resources */ = {
			isa = PBXResourcesBuildPhase;
			buildActionMask = 2147483647;
			files = (
			);
			runOnlyForDeploymentPostprocessing = 0;
		};
		1E62B3DD2099488C0046B7D1 /* Resources */ = {
			isa = PBXResourcesBuildPhase;
			buildActionMask = 2147483647;
			files = (
			);
			runOnlyForDeploymentPostprocessing = 0;
		};
/* End PBXResourcesBuildPhase section */

/* Begin PBXSourcesBuildPhase section */
		1E62B3B82099488C0046B7D1 /* Sources */ = {
			isa = PBXSourcesBuildPhase;
			buildActionMask = 2147483647;
			files = (
				1E62B3CF2099488C0046B7D1 /* main.m in Sources */,
				1E62B3C12099488C0046B7D1 /* AppDelegate.m in Sources */,
				1E62B3F420994A600046B7D1 /* CustomTakePhotoViewController.m in Sources */,
			);
			runOnlyForDeploymentPostprocessing = 0;
		};
		1E62B3D02099488C0046B7D1 /* Sources */ = {
			isa = PBXSourcesBuildPhase;
			buildActionMask = 2147483647;
			files = (
				1E62B3D92099488C0046B7D1 /* CustomTakePhotoTests.m in Sources */,
			);
			runOnlyForDeploymentPostprocessing = 0;
		};
		1E62B3DB2099488C0046B7D1 /* Sources */ = {
			isa = PBXSourcesBuildPhase;
			buildActionMask = 2147483647;
			files = (
				1E62B3E42099488C0046B7D1 /* CustomTakePhotoUITests.m in Sources */,
			);
			runOnlyForDeploymentPostprocessing = 0;
		};
/* End PBXSourcesBuildPhase section */

/* Begin PBXTargetDependency section */
		1E62B3D62099488C0046B7D1 /* PBXTargetDependency */ = {
			isa = PBXTargetDependency;
			target = 1E62B3BB2099488C0046B7D1 /* CustomTakePhoto */;
			targetProxy = 1E62B3D52099488C0046B7D1 /* PBXContainerItemProxy */;
		};
		1E62B3E12099488C0046B7D1 /* PBXTargetDependency */ = {
			isa = PBXTargetDependency;
			target = 1E62B3BB2099488C0046B7D1 /* CustomTakePhoto */;
			targetProxy = 1E62B3E02099488C0046B7D1 /* PBXContainerItemProxy */;
		};
/* End PBXTargetDependency section */

/* Begin PBXVariantGroup section */
		1E62B3CA2099488C0046B7D1 /* LaunchScreen.storyboard */ = {
			isa = PBXVariantGroup;
			children = (
				1E62B3CB2099488C0046B7D1 /* Base */,
			);
			name = LaunchScreen.storyboard;
			sourceTree = "<group>";
		};
/* End PBXVariantGroup section */

/* Begin XCBuildConfiguration section */
		1E62B3E62099488C0046B7D1 /* Debug */ = {
			isa = XCBuildConfiguration;
			buildSettings = {
				ALWAYS_SEARCH_USER_PATHS = NO;
				CLANG_ANALYZER_NONNULL = YES;
				CLANG_ANALYZER_NUMBER_OBJECT_CONVERSION = YES_AGGRESSIVE;
				CLANG_CXX_LANGUAGE_STANDARD = "gnu++14";
				CLANG_CXX_LIBRARY = "libc++";
				CLANG_ENABLE_MODULES = YES;
				CLANG_ENABLE_OBJC_ARC = YES;
				CLANG_WARN_BLOCK_CAPTURE_AUTORELEASING = YES;
				CLANG_WARN_BOOL_CONVERSION = YES;
				CLANG_WARN_COMMA = YES;
				CLANG_WARN_CONSTANT_CONVERSION = YES;
				CLANG_WARN_DIRECT_OBJC_ISA_USAGE = YES_ERROR;
				CLANG_WARN_DOCUMENTATION_COMMENTS = YES;
				CLANG_WARN_EMPTY_BODY = YES;
				CLANG_WARN_ENUM_CONVERSION = YES;
				CLANG_WARN_INFINITE_RECURSION = YES;
				CLANG_WARN_INT_CONVERSION = YES;
				CLANG_WARN_NON_LITERAL_NULL_CONVERSION = YES;
				CLANG_WARN_OBJC_LITERAL_CONVERSION = YES;
				CLANG_WARN_OBJC_ROOT_CLASS = YES_ERROR;
				CLANG_WARN_RANGE_LOOP_ANALYSIS = YES;
				CLANG_WARN_STRICT_PROTOTYPES = YES;
				CLANG_WARN_SUSPICIOUS_MOVE = YES;
				CLANG_WARN_UNGUARDED_AVAILABILITY = YES_AGGRESSIVE;
				CLANG_WARN_UNREACHABLE_CODE = YES;
				CLANG_WARN__DUPLICATE_METHOD_MATCH = YES;
				CODE_SIGN_IDENTITY = "iPhone Developer";
				COPY_PHASE_STRIP = NO;
				DEBUG_INFORMATION_FORMAT = dwarf;
				ENABLE_STRICT_OBJC_MSGSEND = YES;
				ENABLE_TESTABILITY = YES;
				GCC_C_LANGUAGE_STANDARD = gnu11;
				GCC_DYNAMIC_NO_PIC = NO;
				GCC_NO_COMMON_BLOCKS = YES;
				GCC_OPTIMIZATION_LEVEL = 0;
				GCC_PREPROCESSOR_DEFINITIONS = (
					"DEBUG=1",
					"$(inherited)",
				);
				GCC_WARN_64_TO_32_BIT_CONVERSION = YES;
				GCC_WARN_ABOUT_RETURN_TYPE = YES_ERROR;
				GCC_WARN_UNDECLARED_SELECTOR = YES;
				GCC_WARN_UNINITIALIZED_AUTOS = YES_AGGRESSIVE;
				GCC_WARN_UNUSED_FUNCTION = YES;
				GCC_WARN_UNUSED_VARIABLE = YES;
				IPHONEOS_DEPLOYMENT_TARGET = 11.0;
				MTL_ENABLE_DEBUG_INFO = YES;
				ONLY_ACTIVE_ARCH = YES;
				SDKROOT = iphoneos;
			};
			name = Debug;
		};
		1E62B3E72099488C0046B7D1 /* Release */ = {
			isa = XCBuildConfiguration;
			buildSettings = {
				ALWAYS_SEARCH_USER_PATHS = NO;
				CLANG_ANALYZER_NONNULL = YES;
				CLANG_ANALYZER_NUMBER_OBJECT_CONVERSION = YES_AGGRESSIVE;
				CLANG_CXX_LANGUAGE_STANDARD = "gnu++14";
				CLANG_CXX_LIBRARY = "libc++";
				CLANG_ENABLE_MODULES = YES;
				CLANG_ENABLE_OBJC_ARC = YES;
				CLANG_WARN_BLOCK_CAPTURE_AUTORELEASING = YES;
				CLANG_WARN_BOOL_CONVERSION = YES;
				CLANG_WARN_COMMA = YES;
				CLANG_WARN_CONSTANT_CONVERSION = YES;
				CLANG_WARN_DIRECT_OBJC_ISA_USAGE = YES_ERROR;
				CLANG_WARN_DOCUMENTATION_COMMENTS = YES;
				CLANG_WARN_EMPTY_BODY = YES;
				CLANG_WARN_ENUM_CONVERSION = YES;
				CLANG_WARN_INFINITE_RECURSION = YES;
				CLANG_WARN_INT_CONVERSION = YES;
				CLANG_WARN_NON_LITERAL_NULL_CONVERSION = YES;
				CLANG_WARN_OBJC_LITERAL_CONVERSION = YES;
				CLANG_WARN_OBJC_ROOT_CLASS = YES_ERROR;
				CLANG_WARN_RANGE_LOOP_ANALYSIS = YES;
				CLANG_WARN_STRICT_PROTOTYPES = YES;
				CLANG_WARN_SUSPICIOUS_MOVE = YES;
				CLANG_WARN_UNGUARDED_AVAILABILITY = YES_AGGRESSIVE;
				CLANG_WARN_UNREACHABLE_CODE = YES;
				CLANG_WARN__DUPLICATE_METHOD_MATCH = YES;
				CODE_SIGN_IDENTITY = "iPhone Developer";
				COPY_PHASE_STRIP = NO;
				DEBUG_INFORMATION_FORMAT = "dwarf-with-dsym";
				ENABLE_NS_ASSERTIONS = NO;
				ENABLE_STRICT_OBJC_MSGSEND = YES;
				GCC_C_LANGUAGE_STANDARD = gnu11;
				GCC_NO_COMMON_BLOCKS = YES;
				GCC_WARN_64_TO_32_BIT_CONVERSION = YES;
				GCC_WARN_ABOUT_RETURN_TYPE = YES_ERROR;
				GCC_WARN_UNDECLARED_SELECTOR = YES;
				GCC_WARN_UNINITIALIZED_AUTOS = YES_AGGRESSIVE;
				GCC_WARN_UNUSED_FUNCTION = YES;
				GCC_WARN_UNUSED_VARIABLE = YES;
				IPHONEOS_DEPLOYMENT_TARGET = 11.0;
				MTL_ENABLE_DEBUG_INFO = NO;
				SDKROOT = iphoneos;
				VALIDATE_PRODUCT = YES;
			};
			name = Release;
		};
		1E62B3E92099488C0046B7D1 /* Debug */ = {
			isa = XCBuildConfiguration;
			buildSettings = {
				ASSETCATALOG_COMPILER_APPICON_NAME = AppIcon;
				CODE_SIGN_STYLE = Automatic;
				DEVELOPMENT_TEAM = 64EH429Z62;
				INFOPLIST_FILE = CustomTakePhoto/Info.plist;
				IPHONEOS_DEPLOYMENT_TARGET = 9.0;
				LD_RUNPATH_SEARCH_PATHS = "$(inherited) @executable_path/Frameworks";
				PRODUCT_BUNDLE_IDENTIFIER = ZhuyiTechnolog.CustomTakePhoto;
				PRODUCT_NAME = "$(TARGET_NAME)";
				TARGETED_DEVICE_FAMILY = 1;
			};
			name = Debug;
		};
		1E62B3EA2099488C0046B7D1 /* Release */ = {
			isa = XCBuildConfiguration;
			buildSettings = {
				ASSETCATALOG_COMPILER_APPICON_NAME = AppIcon;
				CODE_SIGN_STYLE = Automatic;
				DEVELOPMENT_TEAM = 64EH429Z62;
				INFOPLIST_FILE = CustomTakePhoto/Info.plist;
				IPHONEOS_DEPLOYMENT_TARGET = 9.0;
				LD_RUNPATH_SEARCH_PATHS = "$(inherited) @executable_path/Frameworks";
				PRODUCT_BUNDLE_IDENTIFIER = ZhuyiTechnolog.CustomTakePhoto;
				PRODUCT_NAME = "$(TARGET_NAME)";
				TARGETED_DEVICE_FAMILY = 1;
			};
			name = Release;
		};
		1E62B3EC2099488C0046B7D1 /* Debug */ = {
			isa = XCBuildConfiguration;
			buildSettings = {
				BUNDLE_LOADER = "$(TEST_HOST)";
				CODE_SIGN_STYLE = Automatic;
				DEVELOPMENT_TEAM = 64EH429Z62;
				INFOPLIST_FILE = CustomTakePhotoTests/Info.plist;
				LD_RUNPATH_SEARCH_PATHS = "$(inherited) @executable_path/Frameworks @loader_path/Frameworks";
				PRODUCT_BUNDLE_IDENTIFIER = ZhuyiTechnolog.CustomTakePhotoTests;
				PRODUCT_NAME = "$(TARGET_NAME)";
				TARGETED_DEVICE_FAMILY = "1,2";
				TEST_HOST = "$(BUILT_PRODUCTS_DIR)/CustomTakePhoto.app/CustomTakePhoto";
			};
			name = Debug;
		};
		1E62B3ED2099488C0046B7D1 /* Release */ = {
			isa = XCBuildConfiguration;
			buildSettings = {
				BUNDLE_LOADER = "$(TEST_HOST)";
				CODE_SIGN_STYLE = Automatic;
				DEVELOPMENT_TEAM = 64EH429Z62;
				INFOPLIST_FILE = CustomTakePhotoTests/Info.plist;
				LD_RUNPATH_SEARCH_PATHS = "$(inherited) @executable_path/Frameworks @loader_path/Frameworks";
				PRODUCT_BUNDLE_IDENTIFIER = ZhuyiTechnolog.CustomTakePhotoTests;
				PRODUCT_NAME = "$(TARGET_NAME)";
				TARGETED_DEVICE_FAMILY = "1,2";
				TEST_HOST = "$(BUILT_PRODUCTS_DIR)/CustomTakePhoto.app/CustomTakePhoto";
			};
			name = Release;
		};
		1E62B3EF2099488C0046B7D1 /* Debug */ = {
			isa = XCBuildConfiguration;
			buildSettings = {
				CODE_SIGN_STYLE = Automatic;
				DEVELOPMENT_TEAM = 64EH429Z62;
				INFOPLIST_FILE = CustomTakePhotoUITests/Info.plist;
				LD_RUNPATH_SEARCH_PATHS = "$(inherited) @executable_path/Frameworks @loader_path/Frameworks";
				PRODUCT_BUNDLE_IDENTIFIER = ZhuyiTechnolog.CustomTakePhotoUITests;
				PRODUCT_NAME = "$(TARGET_NAME)";
				TARGETED_DEVICE_FAMILY = "1,2";
				TEST_TARGET_NAME = CustomTakePhoto;
			};
			name = Debug;
		};
		1E62B3F02099488C0046B7D1 /* Release */ = {
			isa = XCBuildConfiguration;
			buildSettings = {
				CODE_SIGN_STYLE = Automatic;
				DEVELOPMENT_TEAM = 64EH429Z62;
				INFOPLIST_FILE = CustomTakePhotoUITests/Info.plist;
				LD_RUNPATH_SEARCH_PATHS = "$(inherited) @executable_path/Frameworks @loader_path/Frameworks";
				PRODUCT_BUNDLE_IDENTIFIER = ZhuyiTechnolog.CustomTakePhotoUITests;
				PRODUCT_NAME = "$(TARGET_NAME)";
				TARGETED_DEVICE_FAMILY = "1,2";
				TEST_TARGET_NAME = CustomTakePhoto;
			};
			name = Release;
		};
/* End XCBuildConfiguration section */

/* Begin XCConfigurationList section */
		1E62B3B72099488C0046B7D1 /* Build configuration list for PBXProject "CustomTakePhoto" */ = {
			isa = XCConfigurationList;
			buildConfigurations = (
				1E62B3E62099488C0046B7D1 /* Debug */,
				1E62B3E72099488C0046B7D1 /* Release */,
			);
			defaultConfigurationIsVisible = 0;
			defaultConfigurationName = Release;
		};
		1E62B3E82099488C0046B7D1 /* Build configuration list for PBXNativeTarget "CustomTakePhoto" */ = {
			isa = XCConfigurationList;
			buildConfigurations = (
				1E62B3E92099488C0046B7D1 /* Debug */,
				1E62B3EA2099488C0046B7D1 /* Release */,
			);
			defaultConfigurationIsVisible = 0;
			defaultConfigurationName = Release;
		};
		1E62B3EB2099488C0046B7D1 /* Build configuration list for PBXNativeTarget "CustomTakePhotoTests" */ = {
			isa = XCConfigurationList;
			buildConfigurations = (
				1E62B3EC2099488C0046B7D1 /* Debug */,
				1E62B3ED2099488C0046B7D1 /* Release */,
			);
			defaultConfigurationIsVisible = 0;
			defaultConfigurationName = Release;
		};
		1E62B3EE2099488C0046B7D1 /* Build configuration list for PBXNativeTarget "CustomTakePhotoUITests" */ = {
			isa = XCConfigurationList;
			buildConfigurations = (
				1E62B3EF2099488C0046B7D1 /* Debug */,
				1E62B3F02099488C0046B7D1 /* Release */,
			);
			defaultConfigurationIsVisible = 0;
			defaultConfigurationName = Release;
		};
/* End XCConfigurationList section */
	};
	rootObject = 1E62B3B42099488C0046B7D1 /* Project object */;
}
